
Microsoft Visual Studio Solution File, Format Version 12.00
# Visual Studio 15
VisualStudioVersion = 15.0.27130.2020
MinimumVisualStudioVersion = 10.0.40219.1
Project("{FAE04EC0-301F-11D3-BF4B-00C04F79EFBC}") = "Lab5Dice", "Lab5Dice\Lab5Dice.csproj", "{1BAC2EB5-AEEC-4F21-A9DE-DF751200A68B}"
EndProject
Global
	GlobalSection(SolutionConfigurationPlatforms) = preSolution
		Debug|Any CPU = Debug|Any CPU
		Release|Any CPU = Release|Any CPU
	EndGlobalSection
	GlobalSection(ProjectConfigurationPlatforms) = postSolution
		{1BAC2EB5-AEEC-4F21-A9DE-DF751200A68B}.Debug|Any CPU.ActiveCfg = Debug|Any CPU
		{1BAC2EB5-AEEC-4F21-A9DE-DF751200A68B}.Debug|Any CPU.Build.0 = Debug|Any CPU
		{1BAC2EB5-AEEC-4F21-A9DE-DF751200A68B}.Release|Any CPU.ActiveCfg = Release|Any CPU
		{1BAC2EB5-AEEC-4F21-A9DE-DF751200A68B}.Release|Any CPU.Build.0 = Release|Any CPU
	EndGlobalSection
	GlobalSection(SolutionProperties) = preSolution
		HideSolutionNode = FALSE
	EndGlobalSection
	GlobalSection(ExtensibilityGlobals) = postSolution
		SolutionGuid = {639B73AE-D592-40CF-9937-4E3CB0EAB53B}
	EndGlobalSection
EndGlobal
